{
  "name": "frontier-sdk",
  "version": "0.1.0",
  "lockfileVersion": 3,
  "requires": true,
  "packages": {
    "": {
      "name": "frontier-sdk",
      "version": "0.1.0",
      "license": "MIT",
      "workspaces": [
        "packages/typescript/*"
      ],
      "engines": {
        "node": ">=20"
      }
    },
    "node_modules/@frontier-infra/adapters": {
      "resolved": "packages/typescript/adapters",
      "link": true
    },
    "node_modules/@frontier-infra/audit": {
      "resolved": "packages/typescript/audit",
      "link": true
    },
    "node_modules/@frontier-infra/create-frontier-app": {
      "resolved": "packages/typescript/create-frontier-app",
      "link": true
    },
    "node_modules/@frontier-infra/governance-react": {
      "resolved": "packages/typescript/governance-react",
      "link": true
    },
    "node_modules/@frontier-infra/harness-kit": {
      "resolved": "packages/typescript/harness-kit",
      "link": true
    },
    "node_modules/@frontier-infra/protocol": {
      "resolved": "packages/typescript/protocol",
      "link": true
    },
    "node_modules/react": {
      "version": "19.2.8",
      "resolved": "https://registry.npmjs.org/react/-/react-19.2.8.tgz",
      "integrity": "sha512-PWaYA1L/q9u2u7xYQi+Y3L3Yfnie7XyLeaJICV1MGD6LprsBxcAqGjYyr0eY3p+QdsA+x/Irkt4Qif8D63+Sbw==",
      "license": "MIT",
      "peer": true,
      "engines": {
        "node": ">=0.10.0"
      }
    },
    "packages/typescript/adapters": {
      "name": "@frontier-infra/adapters",
      "version": "0.1.0",
      "license": "MIT",
      "dependencies": {
        "@frontier-infra/harness-kit": "0.1.0"
      },
      "engines": {
        "node": ">=20"
      }
    },
    "packages/typescript/audit": {
      "name": "@frontier-infra/audit",
      "version": "0.1.2",
      "license": "MIT",
      "bin": {
        "frontier-audit": "src/cli.mjs"
      },
      "engines": {
        "node": ">=20"
      }
    },
    "packages/typescript/create-frontier-app": {
      "name": "@frontier-infra/create-frontier-app",
      "version": "0.1.0",
      "license": "MIT",
      "bin": {
        "create-frontier-app": "src/cli.mjs"
      },
      "engines": {
        "node": ">=20"
      }
    },
    "packages/typescript/governance-react": {
      "name": "@frontier-infra/governance-react",
      "version": "0.1.0",
      "license": "MIT",
      "engines": {
        "node": ">=20"
      },
      "peerDependencies": {
        "react": ">=18"
      }
    },
    "packages/typescript/harness-kit": {
      "name": "@frontier-infra/harness-kit",
      "version": "0.1.0",
      "license": "MIT",
      "dependencies": {
        "@frontier-infra/protocol": "0.1.0"
      },
      "bin": {
        "frontier-harness": "src/cli.mjs"
      },
      "engines": {
        "node": ">=20"
      }
    },
    "packages/typescript/protocol": {
      "name": "@frontier-infra/protocol",
      "version": "0.1.0",
      "license": "MIT",
      "engines": {
        "node": ">=20"
      }
    }
  }
}
